{
    "_meta": {
        "hash": {
            "sha256": "6ec4f85d07492a566eb560972fc35209afe95bd5722bde9fd3aaed40426d0ce0"
        },
        "pipfile-spec": 6,
        "requires": {
            "python_version": "3.12"
        },
        "sources": [
            {
                "name": "pypi",
                "url": "https://pypi.org/simple",
                "verify_ssl": true
            }
        ]
    },
    "default": {},
    "develop": {
        "nodeenv": {
            "hashes": [
                "sha256:07f144e90dae547bf0d4ee8da0ee42664a42a04e02ed68e06324348dafe4bdb1",
                "sha256:508ecec98f9f3330b636d4448c0f1a56fc68017c68f1e7857ebc52acf0eb879a"
            ],
            "index": "pypi",
            "markers": "python_version >= '2.7' and python_version not in '3.0, 3.1, 3.2, 3.3, 3.4, 3.5, 3.6'",
            "version": "==1.9.0"
        }
    }
}
